
Microsoft Visual Studio Solution File, Format Version 12.00
# Visual Studio Version 17
VisualStudioVersion = 17.3.32804.467
MinimumVisualStudioVersion = 10.0.40219.1
Project("{FAE04EC0-301F-11D3-BF4B-00C04F79EFBC}") = "MIDTERM_ACT9", "MIDTERM_ACT9.csproj", "{5A57D564-08CB-45BD-91F2-5A475390B9A3}"
EndProject
Global
	GlobalSection(SolutionConfigurationPlatforms) = preSolution
		Debug|Any CPU = Debug|Any CPU
		Release|Any CPU = Release|Any CPU
	EndGlobalSection
	GlobalSection(ProjectConfigurationPlatforms) = postSolution
		{5A57D564-08CB-45BD-91F2-5A475390B9A3}.Debug|Any CPU.ActiveCfg = Debug|Any CPU
		{5A57D564-08CB-45BD-91F2-5A475390B9A3}.Debug|Any CPU.Build.0 = Debug|Any CPU
		{5A57D564-08CB-45BD-91F2-5A475390B9A3}.Release|Any CPU.ActiveCfg = Release|Any CPU
		{5A57D564-08CB-45BD-91F2-5A475390B9A3}.Release|Any CPU.Build.0 = Release|Any CPU
	EndGlobalSection
	GlobalSection(SolutionProperties) = preSolution
		HideSolutionNode = FALSE
	EndGlobalSection
	GlobalSection(ExtensibilityGlobals) = postSolution
		SolutionGuid = {EACABE61-01A1-4470-8E57-AA4BA8A2871D}
	EndGlobalSection
EndGlobal
